
Microsoft Visual Studio Solution File, Format Version 12.00
# Visual Studio Version 16
VisualStudioVersion = 16.0.29209.62
MinimumVisualStudioVersion = 10.0.40219.1
Project("{FAE04EC0-301F-11D3-BF4B-00C04F79EFBC}") = "Iwant", "Iwant\Iwant.csproj", "{360334B1-51A2-4DEF-B409-427ABF96BF87}"
EndProject
Global
	GlobalSection(SolutionConfigurationPlatforms) = preSolution
		Debug|Any CPU = Debug|Any CPU
		Release|Any CPU = Release|Any CPU
	EndGlobalSection
	GlobalSection(ProjectConfigurationPlatforms) = postSolution
		{360334B1-51A2-4DEF-B409-427ABF96BF87}.Debug|Any CPU.ActiveCfg = Debug|Any CPU
		{360334B1-51A2-4DEF-B409-427ABF96BF87}.Debug|Any CPU.Build.0 = Debug|Any CPU
		{360334B1-51A2-4DEF-B409-427ABF96BF87}.Release|Any CPU.ActiveCfg = Release|Any CPU
		{360334B1-51A2-4DEF-B409-427ABF96BF87}.Release|Any CPU.Build.0 = Release|Any CPU
	EndGlobalSection
	GlobalSection(SolutionProperties) = preSolution
		HideSolutionNode = FALSE
	EndGlobalSection
	GlobalSection(ExtensibilityGlobals) = postSolution
		SolutionGuid = {087B46B1-965B-4584-8845-F8AA9A2C8B97}
	EndGlobalSection
EndGlobal
